
Microsoft Visual Studio Solution File, Format Version 12.00
# Visual Studio Version 16
VisualStudioVersion = 16.0.30804.86
MinimumVisualStudioVersion = 10.0.40219.1
Project("{FAE04EC0-301F-11D3-BF4B-00C04F79EFBC}") = "5951071119_LeThiTuongVi_Nhom3", "5951071119_LeThiTuongVi_Nhom3\5951071119_LeThiTuongVi_Nhom3.csproj", "{7C699A3D-B24A-45E6-91A6-1BECCE8FDFD7}"
EndProject
Global
	GlobalSection(SolutionConfigurationPlatforms) = preSolution
		Debug|Any CPU = Debug|Any CPU
		Release|Any CPU = Release|Any CPU
	EndGlobalSection
	GlobalSection(ProjectConfigurationPlatforms) = postSolution
		{7C699A3D-B24A-45E6-91A6-1BECCE8FDFD7}.Debug|Any CPU.ActiveCfg = Debug|Any CPU
		{7C699A3D-B24A-45E6-91A6-1BECCE8FDFD7}.Debug|Any CPU.Build.0 = Debug|Any CPU
		{7C699A3D-B24A-45E6-91A6-1BECCE8FDFD7}.Release|Any CPU.ActiveCfg = Release|Any CPU
		{7C699A3D-B24A-45E6-91A6-1BECCE8FDFD7}.Release|Any CPU.Build.0 = Release|Any CPU
	EndGlobalSection
	GlobalSection(SolutionProperties) = preSolution
		HideSolutionNode = FALSE
	EndGlobalSection
	GlobalSection(ExtensibilityGlobals) = postSolution
		SolutionGuid = {B0721B39-8A98-4128-B41C-C08FB68A939A}
	EndGlobalSection
EndGlobal
