
Microsoft Visual Studio Solution File, Format Version 12.00
# Visual Studio Version 16
VisualStudioVersion = 16.0.30804.86
MinimumVisualStudioVersion = 10.0.40219.1
Project("{FAE04EC0-301F-11D3-BF4B-00C04F79EFBC}") = "LeThiTuongVi_5951071119", "LeThiTuongVi_5951071119\LeThiTuongVi_5951071119.csproj", "{ABF4745F-EE30-4DA8-A4DB-05A6FD899DE3}"
EndProject
Global
	GlobalSection(SolutionConfigurationPlatforms) = preSolution
		Debug|Any CPU = Debug|Any CPU
		Release|Any CPU = Release|Any CPU
	EndGlobalSection
	GlobalSection(ProjectConfigurationPlatforms) = postSolution
		{ABF4745F-EE30-4DA8-A4DB-05A6FD899DE3}.Debug|Any CPU.ActiveCfg = Debug|Any CPU
		{ABF4745F-EE30-4DA8-A4DB-05A6FD899DE3}.Debug|Any CPU.Build.0 = Debug|Any CPU
		{ABF4745F-EE30-4DA8-A4DB-05A6FD899DE3}.Release|Any CPU.ActiveCfg = Release|Any CPU
		{ABF4745F-EE30-4DA8-A4DB-05A6FD899DE3}.Release|Any CPU.Build.0 = Release|Any CPU
	EndGlobalSection
	GlobalSection(SolutionProperties) = preSolution
		HideSolutionNode = FALSE
	EndGlobalSection
	GlobalSection(ExtensibilityGlobals) = postSolution
		SolutionGuid = {EEE2419D-BB42-4CE1-B525-F6646056E8C1}
	EndGlobalSection
EndGlobal
